
Microsoft Visual Studio Solution File, Format Version 12.00
# Visual Studio Version 16
VisualStudioVersion = 16.0.30907.101
MinimumVisualStudioVersion = 10.0.40219.1
Project("{FAE04EC0-301F-11D3-BF4B-00C04F79EFBC}") = "DiscordBot", "DiscordBot\DiscordBot.csproj", "{9DAAFBD1-BDAF-4E79-9697-C6BCE7EE5F69}"
EndProject
Global
	GlobalSection(SolutionConfigurationPlatforms) = preSolution
		Debug|Any CPU = Debug|Any CPU
		Release|Any CPU = Release|Any CPU
	EndGlobalSection
	GlobalSection(ProjectConfigurationPlatforms) = postSolution
		{9DAAFBD1-BDAF-4E79-9697-C6BCE7EE5F69}.Debug|Any CPU.ActiveCfg = Debug|Any CPU
		{9DAAFBD1-BDAF-4E79-9697-C6BCE7EE5F69}.Debug|Any CPU.Build.0 = Debug|Any CPU
		{9DAAFBD1-BDAF-4E79-9697-C6BCE7EE5F69}.Release|Any CPU.ActiveCfg = Release|Any CPU
		{9DAAFBD1-BDAF-4E79-9697-C6BCE7EE5F69}.Release|Any CPU.Build.0 = Release|Any CPU
	EndGlobalSection
	GlobalSection(SolutionProperties) = preSolution
		HideSolutionNode = FALSE
	EndGlobalSection
	GlobalSection(ExtensibilityGlobals) = postSolution
		SolutionGuid = {E4807B7D-3821-4A50-8BC5-A8D00702349F}
	EndGlobalSection
EndGlobal
